<?xml version="1.0" encoding="utf-8"?>
<Project ToolsVersion="4.0" xmlns="http://schemas.microsoft.com/developer/msbuild/2003">
  <ItemGroup>
    <Filter Include="源文件">
      <UniqueIdentifier>{4FC737F1-C7A5-4376-A066-2A32D752A2FF}</UniqueIdentifier>
      <Extensions>cpp;c;cc;cxx;def;odl;idl;hpj;bat;asm;asmx</Extensions>
    </Filter>
    <Filter Include="头文件">
      <UniqueIdentifier>{93995380-89BD-4b04-88EB-625FBE52EBFB}</UniqueIdentifier>
      <Extensions>h;hh;hpp;hxx;hm;inl;inc;ipp;xsd</Extensions>
    </Filter>
    <Filter Include="资源文件">
      <UniqueIdentifier>{67DA6AB6-F800-4c08-8B7A-83BB121AAD01}</UniqueIdentifier>
      <Extensions>rc;ico;cur;bmp;dlg;rc2;rct;bin;rgs;gif;jpg;jpeg;jpe;resx;tiff;tif;png;wav;mfcribbon-ms</Extensions>
    </Filter>
  </ItemGroup>
  <ItemGroup>
    <ClCompile Include="main.cpp">
      <Filter>源文件</Filter>
    </ClCompile>
    <ClCompile Include="demo_sort\base_sort.c">
      <Filter>源文件</Filter>
    </ClCompile>
    <ClCompile Include="demo_print\base_print.cpp">
      <Filter>源文件</Filter>
    </ClCompile>
    <ClCompile Include="demo_geometry\Cube.cpp">
      <Filter>源文件</Filter>
    </ClCompile>
    <ClCompile Include="demo_player\player_method.cpp">
      <Filter>源文件</Filter>
    </ClCompile>
    <ClCompile Include="demo_player\bean\player_base.cpp">
      <Filter>源文件</Filter>
    </ClCompile>
    <ClCompile Include="demo_player\bean\player_base_basketball.cpp">
      <Filter>源文件</Filter>
    </ClCompile>
    <ClCompile Include="demo_player\bean\player_basketball.cpp">
      <Filter>源文件</Filter>
    </ClCompile>
    <ClCompile Include="demo_player\bean\player_base_soccer.cpp">
      <Filter>源文件</Filter>
    </ClCompile>
    <ClCompile Include="demo_lib_operate\lib_operate_str\operate_string_method.c">
      <Filter>源文件</Filter>
    </ClCompile>
    <ClCompile Include="demo_lib_operate\lib_operate_mem\operate_mem_method.c">
      <Filter>源文件</Filter>
    </ClCompile>
    <ClCompile Include="demo_computer_components\component_work_method.cpp">
      <Filter>源文件</Filter>
    </ClCompile>
    <ClCompile Include="demo_computer_components\bean\component_base_cpu.cpp">
      <Filter>源文件</Filter>
    </ClCompile>
    <ClCompile Include="demo_computer_components\bean\component_base_gpu.cpp">
      <Filter>源文件</Filter>
    </ClCompile>
    <ClCompile Include="demo_computer_components\bean\component_base_memory_bank.cpp">
      <Filter>源文件</Filter>
    </ClCompile>
    <ClCompile Include="demo_computer_components\bean\component_cpu.cpp">
      <Filter>源文件</Filter>
    </ClCompile>
    <ClCompile Include="demo_computer_components\bean\component_gpu.cpp">
      <Filter>源文件</Filter>
    </ClCompile>
    <ClCompile Include="demo_computer_components\bean\component_memory_bank.cpp">
      <Filter>源文件</Filter>
    </ClCompile>
    <ClCompile Include="demo_computer_components\bean\component_base_computer.cpp">
      <Filter>源文件</Filter>
    </ClCompile>
    <ClCompile Include="demo_computer_components\bean\component_computer.cpp">
      <Filter>源文件</Filter>
    </ClCompile>
    <ClCompile Include="demo_file_operate\bean\order.cpp">
      <Filter>源文件</Filter>
    </ClCompile>
    <ClCompile Include="demo_file_operate\order_file_operate.cpp">
      <Filter>源文件</Filter>
    </ClCompile>
    <ClCompile Include="demo_lib_operate\lib_operate_mem_heap\operate_mem_heap_method.c">
      <Filter>源文件</Filter>
    </ClCompile>
    <ClCompile Include="demo_lib_operate\lib_operate_stl\operate_stl_vector.cpp">
      <Filter>源文件</Filter>
    </ClCompile>
    <ClCompile Include="demo_lib_operate\lib_operate_stl\bean\menu.cpp">
      <Filter>源文件</Filter>
    </ClCompile>
    <ClCompile Include="demo_lib_operate\lib_operate_stl\operate_stl_deque.cpp">
      <Filter>源文件</Filter>
    </ClCompile>
    <ClCompile Include="demo_lib_operate\lib_operate_stl\operate_stl_list.cpp">
      <Filter>源文件</Filter>
    </ClCompile>
    <ClCompile Include="demo_lib_operate\lib_operate_stl\operate_stl_set.cpp">
      <Filter>源文件</Filter>
    </ClCompile>
    <ClCompile Include="demo_lib_operate\lib_operate_stl\operate_stl_map.cpp">
      <Filter>源文件</Filter>
    </ClCompile>
    <ClCompile Include="demo_lib_operate\lib_operate_stl\operate_stl_algorithm.cpp">
      <Filter>源文件</Filter>
    </ClCompile>
    <ClCompile Include="demo_common_review\bean\apple.cpp">
      <Filter>源文件</Filter>
    </ClCompile>
    <ClCompile Include="demo_common_review\bean\fruit.cpp">
      <Filter>源文件</Filter>
    </ClCompile>
  </ItemGroup>
  <ItemGroup>
    <ClInclude Include="demo_sort\base_sort.h">
      <Filter>头文件</Filter>
    </ClInclude>
    <ClInclude Include="demo_print\base_print.h">
      <Filter>头文件</Filter>
    </ClInclude>
    <ClInclude Include="demo_geometry\Cube.h">
      <Filter>头文件</Filter>
    </ClInclude>
    <ClInclude Include="demo_player\player_method.h">
      <Filter>头文件</Filter>
    </ClInclude>
    <ClInclude Include="demo_player\bean\player_base.h">
      <Filter>头文件</Filter>
    </ClInclude>
    <ClInclude Include="demo_player\bean\player_basketball.h">
      <Filter>头文件</Filter>
    </ClInclude>
    <ClInclude Include="demo_player\bean\player_base_soccer.h">
      <Filter>头文件</Filter>
    </ClInclude>
    <ClInclude Include="demo_player\bean\player_base_basketball.h">
      <Filter>头文件</Filter>
    </ClInclude>
    <ClInclude Include="demo_lib_operate\lib_operate_str\operate_string_method.h">
      <Filter>头文件</Filter>
    </ClInclude>
    <ClInclude Include="demo_lib_operate\lib_operate_mem\operate_mem_method.h">
      <Filter>头文件</Filter>
    </ClInclude>
    <ClInclude Include="demo_computer_components\bean\component_base_cpu.h">
      <Filter>头文件</Filter>
    </ClInclude>
    <ClInclude Include="demo_computer_components\bean\component_base_gpu.h">
      <Filter>头文件</Filter>
    </ClInclude>
    <ClInclude Include="demo_computer_components\bean\component_base_memory_bank.h">
      <Filter>头文件</Filter>
    </ClInclude>
    <ClInclude Include="demo_computer_components\bean\component_base_computer.h">
      <Filter>头文件</Filter>
    </ClInclude>
    <ClInclude Include="demo_computer_components\component_work_method.h">
      <Filter>头文件</Filter>
    </ClInclude>
    <ClInclude Include="demo_computer_components\bean\component_cpu.h">
      <Filter>头文件</Filter>
    </ClInclude>
    <ClInclude Include="demo_computer_components\bean\component_gpu.h">
      <Filter>头文件</Filter>
    </ClInclude>
    <ClInclude Include="demo_computer_components\bean\component_memory_bank.h">
      <Filter>头文件</Filter>
    </ClInclude>
    <ClInclude Include="demo_computer_components\bean\component_computer.h">
      <Filter>头文件</Filter>
    </ClInclude>
    <ClInclude Include="demo_file_operate\bean\order.h">
      <Filter>头文件</Filter>
    </ClInclude>
    <ClInclude Include="demo_file_operate\order_file_operate.h">
      <Filter>头文件</Filter>
    </ClInclude>
    <ClInclude Include="demo_lib_operate\lib_operate_mem_heap\operate_mem_heap_method.h">
      <Filter>头文件</Filter>
    </ClInclude>
    <ClInclude Include="demo_templet_self\bean\student.hpp">
      <Filter>头文件</Filter>
    </ClInclude>
    <ClInclude Include="demo_templet_self\bean\teacher.hpp">
      <Filter>头文件</Filter>
    </ClInclude>
    <ClInclude Include="demo_lib_operate\lib_operate_stl\operate_stl_vector.h">
      <Filter>头文件</Filter>
    </ClInclude>
    <ClInclude Include="demo_lib_operate\lib_operate_stl\bean\menu.h">
      <Filter>头文件</Filter>
    </ClInclude>
    <ClInclude Include="demo_lib_operate\lib_operate_stl\operate_stl_deque.h">
      <Filter>头文件</Filter>
    </ClInclude>
    <ClInclude Include="demo_lib_operate\lib_operate_stl\operate_stl_list.h">
      <Filter>头文件</Filter>
    </ClInclude>
    <ClInclude Include="demo_lib_operate\lib_operate_stl\operate_stl_set.h">
      <Filter>头文件</Filter>
    </ClInclude>
    <ClInclude Include="demo_lib_operate\lib_operate_stl\operate_stl_map.h">
      <Filter>头文件</Filter>
    </ClInclude>
    <ClInclude Include="demo_lib_operate\lib_operate_stl\operate_stl_algorithm.h">
      <Filter>头文件</Filter>
    </ClInclude>
    <ClInclude Include="demo_common_review\bean\apple.h">
      <Filter>头文件</Filter>
    </ClInclude>
    <ClInclude Include="demo_common_review\holder.h">
      <Filter>头文件</Filter>
    </ClInclude>
    <ClInclude Include="demo_common_review\bean\friut.h">
      <Filter>头文件</Filter>
    </ClInclude>
  </ItemGroup>
</Project>